
Microsoft Visual Studio Solution File, Format Version 11.00
# Visual Studio 2010
Project("{159641D6-6404-4A2A-AE62-294DE0FE8301}") = "PkgQuery2File", "PkgQuery2File.dtproj", "{4C8357FF-5989-414B-BBF2-AD5A092CB2F5}"
EndProject
Global
	GlobalSection(SolutionConfigurationPlatforms) = preSolution
		Development|Default = Development|Default
	EndGlobalSection
	GlobalSection(ProjectConfigurationPlatforms) = postSolution
		{4C8357FF-5989-414B-BBF2-AD5A092CB2F5}.Development|Default.ActiveCfg = Development
		{4C8357FF-5989-414B-BBF2-AD5A092CB2F5}.Development|Default.Build.0 = Development
	EndGlobalSection
	GlobalSection(SolutionProperties) = preSolution
		HideSolutionNode = FALSE
	EndGlobalSection
EndGlobal
